
Microsoft Visual Studio Solution File, Format Version 12.00
# Visual Studio Version 16
VisualStudioVersion = 16.0.30114.105
MinimumVisualStudioVersion = 10.0.40219.1
Project("{2150E333-8FDC-42A3-9474-1A3956D46DE8}") = "src", "src", "{00A6AD79-9492-4F15-B4A5-009CAEEA82CE}"
EndProject
Project("{FAE04EC0-301F-11D3-BF4B-00C04F79EFBC}") = "AspNetCore_EFCore_CodeFirst", "src\AspNetCore_EFCore_CodeFirst\AspNetCore_EFCore_CodeFirst.csproj", "{39AF5016-F794-47A7-8A02-DA02E943D124}"
EndProject
Global
	GlobalSection(SolutionConfigurationPlatforms) = preSolution
		Debug|Any CPU = Debug|Any CPU
		Debug|x64 = Debug|x64
		Debug|x86 = Debug|x86
		Release|Any CPU = Release|Any CPU
		Release|x64 = Release|x64
		Release|x86 = Release|x86
	EndGlobalSection
	GlobalSection(SolutionProperties) = preSolution
		HideSolutionNode = FALSE
	EndGlobalSection
	GlobalSection(ProjectConfigurationPlatforms) = postSolution
		{39AF5016-F794-47A7-8A02-DA02E943D124}.Debug|Any CPU.ActiveCfg = Debug|Any CPU
		{39AF5016-F794-47A7-8A02-DA02E943D124}.Debug|Any CPU.Build.0 = Debug|Any CPU
		{39AF5016-F794-47A7-8A02-DA02E943D124}.Debug|x64.ActiveCfg = Debug|Any CPU
		{39AF5016-F794-47A7-8A02-DA02E943D124}.Debug|x64.Build.0 = Debug|Any CPU
		{39AF5016-F794-47A7-8A02-DA02E943D124}.Debug|x86.ActiveCfg = Debug|Any CPU
		{39AF5016-F794-47A7-8A02-DA02E943D124}.Debug|x86.Build.0 = Debug|Any CPU
		{39AF5016-F794-47A7-8A02-DA02E943D124}.Release|Any CPU.ActiveCfg = Release|Any CPU
		{39AF5016-F794-47A7-8A02-DA02E943D124}.Release|Any CPU.Build.0 = Release|Any CPU
		{39AF5016-F794-47A7-8A02-DA02E943D124}.Release|x64.ActiveCfg = Release|Any CPU
		{39AF5016-F794-47A7-8A02-DA02E943D124}.Release|x64.Build.0 = Release|Any CPU
		{39AF5016-F794-47A7-8A02-DA02E943D124}.Release|x86.ActiveCfg = Release|Any CPU
		{39AF5016-F794-47A7-8A02-DA02E943D124}.Release|x86.Build.0 = Release|Any CPU
	EndGlobalSection
	GlobalSection(NestedProjects) = preSolution
		{39AF5016-F794-47A7-8A02-DA02E943D124} = {00A6AD79-9492-4F15-B4A5-009CAEEA82CE}
	EndGlobalSection
EndGlobal
